
Microsoft Visual Studio Solution File, Format Version 12.00
# Visual Studio Version 17
VisualStudioVersion = 17.12.35527.113 d17.12
MinimumVisualStudioVersion = 10.0.40219.1
Project("{2150E333-8FDC-42A3-9474-1A3956D46DE8}") = "Task 0", "Task 0", "{92B48E4B-F46E-403B-8C7A-1C2B40022CC8}"
EndProject
Project("{2150E333-8FDC-42A3-9474-1A3956D46DE8}") = "Task 1", "Task 1", "{40704612-515A-4A97-B968-C9C051E3EC20}"
EndProject
Project("{2150E333-8FDC-42A3-9474-1A3956D46DE8}") = "Task 2", "Task 2", "{AA19FD93-0C27-4D6E-83D8-419B3533B477}"
EndProject
Project("{2150E333-8FDC-42A3-9474-1A3956D46DE8}") = "Task 3", "Task 3", "{4974B237-CC57-43A4-946E-4B4CDC578EA8}"
EndProject
Project("{2150E333-8FDC-42A3-9474-1A3956D46DE8}") = "Task 4", "Task 4", "{08483EEC-2111-45F4-87FE-FCB59B694D27}"
EndProject
Project("{2150E333-8FDC-42A3-9474-1A3956D46DE8}") = "Task 5", "Task 5", "{23592F93-4898-46D4-96E5-36BFDA0A70D9}"
EndProject
Project("{2150E333-8FDC-42A3-9474-1A3956D46DE8}") = "Task 6", "Task 6", "{61A1314A-D2FC-4E25-AA80-1AE16293E189}"
EndProject
Project("{2150E333-8FDC-42A3-9474-1A3956D46DE8}") = "Task 7", "Task 7", "{ABE92E09-F030-4590-ADE9-45462815CDCE}"
EndProject
Project("{FAE04EC0-301F-11D3-BF4B-00C04F79EFBC}") = "Tyuiu.MarkovSE.Sprint4.Task0.V2", "Tyuiu.MarkovSE.Sprint4.Task0.V2\Tyuiu.MarkovSE.Sprint4.Task0.V2.csproj", "{BF0BB640-FB16-4430-8441-3AE1CDBE0A52}"
EndProject
Project("{FAE04EC0-301F-11D3-BF4B-00C04F79EFBC}") = "Tyuiu.MarkovSE.Sprint4.Task0.V2.Lib", "Tyuiu.MarkovSE.Sprint4.Task0.V2.Lib\Tyuiu.MarkovSE.Sprint4.Task0.V2.Lib.csproj", "{98520443-14BB-468F-8D1A-C3D7E43B128F}"
EndProject
Project("{FAE04EC0-301F-11D3-BF4B-00C04F79EFBC}") = "Tyuiu.MarkovSE.Sprint4.Task0.V2.Test", "Tyuiu.MarkovSE.Sprint4.Task0.V2.Test\Tyuiu.MarkovSE.Sprint4.Task0.V2.Test.csproj", "{B0950303-E221-4EDE-B347-C75EC31B6C4A}"
EndProject
Project("{FAE04EC0-301F-11D3-BF4B-00C04F79EFBC}") = "Tyuiu.MarkovSE.Sprint4.Task1.V12", "Tyuiu.MarkovSE.Sprint4.Task1.V12\Tyuiu.MarkovSE.Sprint4.Task1.V12.csproj", "{8A2E01C0-A88D-4517-851B-A31ABBCCCA0B}"
EndProject
Project("{FAE04EC0-301F-11D3-BF4B-00C04F79EFBC}") = "Tyuiu.MarkovSE.Sprint4.Task1.V12.Lib", "Tyuiu.MarkovSE.Sprint4.Task1.V12.Lib\Tyuiu.MarkovSE.Sprint4.Task1.V12.Lib.csproj", "{A3B5320A-36F6-40C8-BF87-B93278103FF0}"
EndProject
Project("{FAE04EC0-301F-11D3-BF4B-00C04F79EFBC}") = "Tyuiu.MarkovSE.Sprint4.Task1.V12.Test", "Tyuiu.MarkovSE.Sprint4.Task1.V12.Test\Tyuiu.MarkovSE.Sprint4.Task1.V12.Test.csproj", "{952A5DE5-6D57-4089-9C52-319C28D09165}"
EndProject
Project("{FAE04EC0-301F-11D3-BF4B-00C04F79EFBC}") = "Tyuiu.MarkovSE.Sprint4.Task2.V4", "Tyuiu.MarkovSE.Sprint4.Task2.V4\Tyuiu.MarkovSE.Sprint4.Task2.V4.csproj", "{75C50799-6E67-4514-B0E9-7EB5F8745E5B}"
EndProject
Project("{FAE04EC0-301F-11D3-BF4B-00C04F79EFBC}") = "Tyuiu.MarkovSE.Sprint4.Task2.V4.Lib", "Tyuiu.MarkovSE.Sprint4.Task2.V4.Lib\Tyuiu.MarkovSE.Sprint4.Task2.V4.Lib.csproj", "{BC7836FD-3C8E-4C40-B896-B4A2C6DA1A52}"
EndProject
Project("{FAE04EC0-301F-11D3-BF4B-00C04F79EFBC}") = "Tyuiu.MarkovSE.Sprint4.Task2.V4.Test", "Tyuiu.MarkovSE.Sprint4.Task2.V4.Test\Tyuiu.MarkovSE.Sprint4.Task2.V4.Test.csproj", "{737ED7A4-29FA-4C07-B20F-D27CBD8F7E6B}"
EndProject
Project("{FAE04EC0-301F-11D3-BF4B-00C04F79EFBC}") = "Tyuiu.MarkovSE.Sprint4.Task3.V11", "Tyuiu.MarkovSE.Sprint4.Task3.V11\Tyuiu.MarkovSE.Sprint4.Task3.V11.csproj", "{F4652111-1864-4E05-8FFC-B06D8B33B2D1}"
EndProject
Project("{FAE04EC0-301F-11D3-BF4B-00C04F79EFBC}") = "Tyuiu.MarkovSE.Sprint4.Task3.V11.Lib", "Tyuiu.MarkovSE.Sprint4.Task3.V11.Lib\Tyuiu.MarkovSE.Sprint4.Task3.V11.Lib.csproj", "{14982EB4-3550-452E-A889-74D154FF4D62}"
EndProject
Project("{FAE04EC0-301F-11D3-BF4B-00C04F79EFBC}") = "Tyuiu.MarkovSE.Sprint4.Task3.V11.Test", "Tyuiu.MarkovSE.Sprint4.Task3.V11.Test\Tyuiu.MarkovSE.Sprint4.Task3.V11.Test.csproj", "{44B26885-E928-43BE-8604-6D0D6CA91B15}"
EndProject
Project("{FAE04EC0-301F-11D3-BF4B-00C04F79EFBC}") = "Tyuiu.MarkovSE.Sprint4.Task4.V13", "Tyuiu.MarkovSE.Sprint4.Task4.V13\Tyuiu.MarkovSE.Sprint4.Task4.V13.csproj", "{0C19BAE3-3BB1-4B69-BC0A-08562A32AF93}"
EndProject
Project("{FAE04EC0-301F-11D3-BF4B-00C04F79EFBC}") = "Tyuiu.MarkovSE.Sprint4.Task4.V13.Lib", "Tyuiu.MarkovSE.Sprint4.Task4.V13.Lib\Tyuiu.MarkovSE.Sprint4.Task4.V13.Lib.csproj", "{F4C15FA0-1DD5-4167-9570-C2F23F95D737}"
EndProject
Project("{FAE04EC0-301F-11D3-BF4B-00C04F79EFBC}") = "Tyuiu.MarkovSE.Sprint4.Task4.V13.Test", "Tyuiu.MarkovSE.Sprint4.Task4.V13.Test\Tyuiu.MarkovSE.Sprint4.Task4.V13.Test.csproj", "{768EB1C8-0A99-444C-83EC-19E43B639FFE}"
EndProject
Global
	GlobalSection(SolutionConfigurationPlatforms) = preSolution
		Debug|Any CPU = Debug|Any CPU
		Release|Any CPU = Release|Any CPU
	EndGlobalSection
	GlobalSection(ProjectConfigurationPlatforms) = postSolution
		{BF0BB640-FB16-4430-8441-3AE1CDBE0A52}.Debug|Any CPU.ActiveCfg = Debug|Any CPU
		{BF0BB640-FB16-4430-8441-3AE1CDBE0A52}.Debug|Any CPU.Build.0 = Debug|Any CPU
		{BF0BB640-FB16-4430-8441-3AE1CDBE0A52}.Release|Any CPU.ActiveCfg = Release|Any CPU
		{BF0BB640-FB16-4430-8441-3AE1CDBE0A52}.Release|Any CPU.Build.0 = Release|Any CPU
		{98520443-14BB-468F-8D1A-C3D7E43B128F}.Debug|Any CPU.ActiveCfg = Debug|Any CPU
		{98520443-14BB-468F-8D1A-C3D7E43B128F}.Debug|Any CPU.Build.0 = Debug|Any CPU
		{98520443-14BB-468F-8D1A-C3D7E43B128F}.Release|Any CPU.ActiveCfg = Release|Any CPU
		{98520443-14BB-468F-8D1A-C3D7E43B128F}.Release|Any CPU.Build.0 = Release|Any CPU
		{B0950303-E221-4EDE-B347-C75EC31B6C4A}.Debug|Any CPU.ActiveCfg = Debug|Any CPU
		{B0950303-E221-4EDE-B347-C75EC31B6C4A}.Debug|Any CPU.Build.0 = Debug|Any CPU
		{B0950303-E221-4EDE-B347-C75EC31B6C4A}.Release|Any CPU.ActiveCfg = Release|Any CPU
		{B0950303-E221-4EDE-B347-C75EC31B6C4A}.Release|Any CPU.Build.0 = Release|Any CPU
		{8A2E01C0-A88D-4517-851B-A31ABBCCCA0B}.Debug|Any CPU.ActiveCfg = Debug|Any CPU
		{8A2E01C0-A88D-4517-851B-A31ABBCCCA0B}.Debug|Any CPU.Build.0 = Debug|Any CPU
		{8A2E01C0-A88D-4517-851B-A31ABBCCCA0B}.Release|Any CPU.ActiveCfg = Release|Any CPU
		{8A2E01C0-A88D-4517-851B-A31ABBCCCA0B}.Release|Any CPU.Build.0 = Release|Any CPU
		{A3B5320A-36F6-40C8-BF87-B93278103FF0}.Debug|Any CPU.ActiveCfg = Debug|Any CPU
		{A3B5320A-36F6-40C8-BF87-B93278103FF0}.Debug|Any CPU.Build.0 = Debug|Any CPU
		{A3B5320A-36F6-40C8-BF87-B93278103FF0}.Release|Any CPU.ActiveCfg = Release|Any CPU
		{A3B5320A-36F6-40C8-BF87-B93278103FF0}.Release|Any CPU.Build.0 = Release|Any CPU
		{952A5DE5-6D57-4089-9C52-319C28D09165}.Debug|Any CPU.ActiveCfg = Debug|Any CPU
		{952A5DE5-6D57-4089-9C52-319C28D09165}.Debug|Any CPU.Build.0 = Debug|Any CPU
		{952A5DE5-6D57-4089-9C52-319C28D09165}.Release|Any CPU.ActiveCfg = Release|Any CPU
		{952A5DE5-6D57-4089-9C52-319C28D09165}.Release|Any CPU.Build.0 = Release|Any CPU
		{75C50799-6E67-4514-B0E9-7EB5F8745E5B}.Debug|Any CPU.ActiveCfg = Debug|Any CPU
		{75C50799-6E67-4514-B0E9-7EB5F8745E5B}.Debug|Any CPU.Build.0 = Debug|Any CPU
		{75C50799-6E67-4514-B0E9-7EB5F8745E5B}.Release|Any CPU.ActiveCfg = Release|Any CPU
		{75C50799-6E67-4514-B0E9-7EB5F8745E5B}.Release|Any CPU.Build.0 = Release|Any CPU
		{BC7836FD-3C8E-4C40-B896-B4A2C6DA1A52}.Debug|Any CPU.ActiveCfg = Debug|Any CPU
		{BC7836FD-3C8E-4C40-B896-B4A2C6DA1A52}.Debug|Any CPU.Build.0 = Debug|Any CPU
		{BC7836FD-3C8E-4C40-B896-B4A2C6DA1A52}.Release|Any CPU.ActiveCfg = Release|Any CPU
		{BC7836FD-3C8E-4C40-B896-B4A2C6DA1A52}.Release|Any CPU.Build.0 = Release|Any CPU
		{737ED7A4-29FA-4C07-B20F-D27CBD8F7E6B}.Debug|Any CPU.ActiveCfg = Debug|Any CPU
		{737ED7A4-29FA-4C07-B20F-D27CBD8F7E6B}.Debug|Any CPU.Build.0 = Debug|Any CPU
		{737ED7A4-29FA-4C07-B20F-D27CBD8F7E6B}.Release|Any CPU.ActiveCfg = Release|Any CPU
		{737ED7A4-29FA-4C07-B20F-D27CBD8F7E6B}.Release|Any CPU.Build.0 = Release|Any CPU
		{F4652111-1864-4E05-8FFC-B06D8B33B2D1}.Debug|Any CPU.ActiveCfg = Debug|Any CPU
		{F4652111-1864-4E05-8FFC-B06D8B33B2D1}.Debug|Any CPU.Build.0 = Debug|Any CPU
		{F4652111-1864-4E05-8FFC-B06D8B33B2D1}.Release|Any CPU.ActiveCfg = Release|Any CPU
		{F4652111-1864-4E05-8FFC-B06D8B33B2D1}.Release|Any CPU.Build.0 = Release|Any CPU
		{14982EB4-3550-452E-A889-74D154FF4D62}.Debug|Any CPU.ActiveCfg = Debug|Any CPU
		{14982EB4-3550-452E-A889-74D154FF4D62}.Debug|Any CPU.Build.0 = Debug|Any CPU
		{14982EB4-3550-452E-A889-74D154FF4D62}.Release|Any CPU.ActiveCfg = Release|Any CPU
		{14982EB4-3550-452E-A889-74D154FF4D62}.Release|Any CPU.Build.0 = Release|Any CPU
		{44B26885-E928-43BE-8604-6D0D6CA91B15}.Debug|Any CPU.ActiveCfg = Debug|Any CPU
		{44B26885-E928-43BE-8604-6D0D6CA91B15}.Debug|Any CPU.Build.0 = Debug|Any CPU
		{44B26885-E928-43BE-8604-6D0D6CA91B15}.Release|Any CPU.ActiveCfg = Release|Any CPU
		{44B26885-E928-43BE-8604-6D0D6CA91B15}.Release|Any CPU.Build.0 = Release|Any CPU
		{0C19BAE3-3BB1-4B69-BC0A-08562A32AF93}.Debug|Any CPU.ActiveCfg = Debug|Any CPU
		{0C19BAE3-3BB1-4B69-BC0A-08562A32AF93}.Debug|Any CPU.Build.0 = Debug|Any CPU
		{0C19BAE3-3BB1-4B69-BC0A-08562A32AF93}.Release|Any CPU.ActiveCfg = Release|Any CPU
		{0C19BAE3-3BB1-4B69-BC0A-08562A32AF93}.Release|Any CPU.Build.0 = Release|Any CPU
		{F4C15FA0-1DD5-4167-9570-C2F23F95D737}.Debug|Any CPU.ActiveCfg = Debug|Any CPU
		{F4C15FA0-1DD5-4167-9570-C2F23F95D737}.Debug|Any CPU.Build.0 = Debug|Any CPU
		{F4C15FA0-1DD5-4167-9570-C2F23F95D737}.Release|Any CPU.ActiveCfg = Release|Any CPU
		{F4C15FA0-1DD5-4167-9570-C2F23F95D737}.Release|Any CPU.Build.0 = Release|Any CPU
		{768EB1C8-0A99-444C-83EC-19E43B639FFE}.Debug|Any CPU.ActiveCfg = Debug|Any CPU
		{768EB1C8-0A99-444C-83EC-19E43B639FFE}.Debug|Any CPU.Build.0 = Debug|Any CPU
		{768EB1C8-0A99-444C-83EC-19E43B639FFE}.Release|Any CPU.ActiveCfg = Release|Any CPU
		{768EB1C8-0A99-444C-83EC-19E43B639FFE}.Release|Any CPU.Build.0 = Release|Any CPU
	EndGlobalSection
	GlobalSection(SolutionProperties) = preSolution
		HideSolutionNode = FALSE
	EndGlobalSection
	GlobalSection(NestedProjects) = preSolution
		{BF0BB640-FB16-4430-8441-3AE1CDBE0A52} = {92B48E4B-F46E-403B-8C7A-1C2B40022CC8}
		{98520443-14BB-468F-8D1A-C3D7E43B128F} = {92B48E4B-F46E-403B-8C7A-1C2B40022CC8}
		{B0950303-E221-4EDE-B347-C75EC31B6C4A} = {92B48E4B-F46E-403B-8C7A-1C2B40022CC8}
		{8A2E01C0-A88D-4517-851B-A31ABBCCCA0B} = {40704612-515A-4A97-B968-C9C051E3EC20}
		{A3B5320A-36F6-40C8-BF87-B93278103FF0} = {40704612-515A-4A97-B968-C9C051E3EC20}
		{952A5DE5-6D57-4089-9C52-319C28D09165} = {40704612-515A-4A97-B968-C9C051E3EC20}
		{75C50799-6E67-4514-B0E9-7EB5F8745E5B} = {AA19FD93-0C27-4D6E-83D8-419B3533B477}
		{BC7836FD-3C8E-4C40-B896-B4A2C6DA1A52} = {AA19FD93-0C27-4D6E-83D8-419B3533B477}
		{737ED7A4-29FA-4C07-B20F-D27CBD8F7E6B} = {AA19FD93-0C27-4D6E-83D8-419B3533B477}
		{F4652111-1864-4E05-8FFC-B06D8B33B2D1} = {4974B237-CC57-43A4-946E-4B4CDC578EA8}
		{14982EB4-3550-452E-A889-74D154FF4D62} = {4974B237-CC57-43A4-946E-4B4CDC578EA8}
		{44B26885-E928-43BE-8604-6D0D6CA91B15} = {4974B237-CC57-43A4-946E-4B4CDC578EA8}
		{0C19BAE3-3BB1-4B69-BC0A-08562A32AF93} = {08483EEC-2111-45F4-87FE-FCB59B694D27}
		{F4C15FA0-1DD5-4167-9570-C2F23F95D737} = {08483EEC-2111-45F4-87FE-FCB59B694D27}
		{768EB1C8-0A99-444C-83EC-19E43B639FFE} = {08483EEC-2111-45F4-87FE-FCB59B694D27}
	EndGlobalSection
EndGlobal
